
Microsoft Visual Studio Solution File, Format Version 12.00
# Visual Studio Version 17
VisualStudioVersion = 17.3.32901.215
MinimumVisualStudioVersion = 10.0.40219.1
Project("{FAE04EC0-301F-11D3-BF4B-00C04F79EFBC}") = "CURDAPP", "CURDAPP\CURDAPP.csproj", "{07E1BC1B-DD8C-463E-84F7-667C6C9BECA9}"
EndProject
Global
	GlobalSection(SolutionConfigurationPlatforms) = preSolution
		Debug|Any CPU = Debug|Any CPU
		Release|Any CPU = Release|Any CPU
	EndGlobalSection
	GlobalSection(ProjectConfigurationPlatforms) = postSolution
		{07E1BC1B-DD8C-463E-84F7-667C6C9BECA9}.Debug|Any CPU.ActiveCfg = Debug|Any CPU
		{07E1BC1B-DD8C-463E-84F7-667C6C9BECA9}.Debug|Any CPU.Build.0 = Debug|Any CPU
		{07E1BC1B-DD8C-463E-84F7-667C6C9BECA9}.Release|Any CPU.ActiveCfg = Release|Any CPU
		{07E1BC1B-DD8C-463E-84F7-667C6C9BECA9}.Release|Any CPU.Build.0 = Release|Any CPU
	EndGlobalSection
	GlobalSection(SolutionProperties) = preSolution
		HideSolutionNode = FALSE
	EndGlobalSection
	GlobalSection(ExtensibilityGlobals) = postSolution
		SolutionGuid = {D7F04533-FA09-47AB-939B-17F8AE6501A9}
	EndGlobalSection
EndGlobal
